
Microsoft Visual Studio Solution File, Format Version 12.00
# Visual Studio Version 17
VisualStudioVersion = 17.8.34511.84
MinimumVisualStudioVersion = 10.0.40219.1
Project("{FAE04EC0-301F-11D3-BF4B-00C04F79EFBC}") = "MetodosconJSONC#", "MetodosconJSONC#\MetodosconJSONC#.csproj", "{6CE0CC36-4013-41A3-AFD2-370F78A41DE5}"
EndProject
Global
	GlobalSection(SolutionConfigurationPlatforms) = preSolution
		Debug|Any CPU = Debug|Any CPU
		Release|Any CPU = Release|Any CPU
	EndGlobalSection
	GlobalSection(ProjectConfigurationPlatforms) = postSolution
		{6CE0CC36-4013-41A3-AFD2-370F78A41DE5}.Debug|Any CPU.ActiveCfg = Debug|Any CPU
		{6CE0CC36-4013-41A3-AFD2-370F78A41DE5}.Debug|Any CPU.Build.0 = Debug|Any CPU
		{6CE0CC36-4013-41A3-AFD2-370F78A41DE5}.Release|Any CPU.ActiveCfg = Release|Any CPU
		{6CE0CC36-4013-41A3-AFD2-370F78A41DE5}.Release|Any CPU.Build.0 = Release|Any CPU
	EndGlobalSection
	GlobalSection(SolutionProperties) = preSolution
		HideSolutionNode = FALSE
	EndGlobalSection
	GlobalSection(ExtensibilityGlobals) = postSolution
		SolutionGuid = {191517A4-EB80-4A73-9493-4CFFC567D51D}
	EndGlobalSection
EndGlobal
